version = 1
revision = 3
requires-python = ">=3.13"

[[package]]
name = "aiohttp"
version = "3.7.4.post0"
source = { registry = "https://pypi.org/simple" }
dependencies = [
    { name = "async-timeout" },
    { name = "attrs" },
    { name = "chardet" },
    { name = "multidict" },
    { name = "typing-extensions" },
    { name = "yarl" },
]
sdist = { url = "https://files.pythonhosted.org/packages/99/f5/90ede947a3ce2d6de1614799f5fea4e93c19b6520a59dc5d2f64123b032f/aiohttp-3.7.4.post0.tar.gz", hash = "sha256:493d3299ebe5f5a7c66b9819eacdcfbbaaf1a8e84911ddffcdc48888497afecf", size = 1114888, upload-time = "2021-03-06T21:04:48.59Z" }

[[package]]
name = "async-timeout"
version = "3.0.1"
source = { registry = "https://pypi.org/simple" }
sdist = { url = "https://files.pythonhosted.org/packages/a1/78/aae1545aba6e87e23ecab8d212b58bb70e72164b67eb090b81bb17ad38e3/async-timeout-3.0.1.tar.gz", hash = "sha256:0c3c816a028d47f659d6ff5c745cb2acf1f966da1fe5c19c77a70282b25f4c5f", size = 9724, upload-time = "2018-10-09T07:13:31.192Z" }
wheels = [
    { url = "https://files.pythonhosted.org/packages/e1/1e/5a4441be21b0726c4464f3f23c8b19628372f606755a9d2e46c187e65ec4/async_timeout-3.0.1-py3-none-any.whl", hash = "sha256:4291ca197d287d274d0b6cb5d6f8f8f82d434ed288f962539ff18cc9012f9ea3", size = 8247, upload-time = "2018-10-09T07:13:30.313Z" },
]

[[package]]
name = "attrs"
version = "20.3.0"
source = { registry = "https://pypi.org/simple" }
sdist = { url = "https://files.pythonhosted.org/packages/f0/cb/80a4a274df7da7b8baf083249b0890a0579374c3d74b5ac0ee9291f912dc/attrs-20.3.0.tar.gz", hash = "sha256:832aa3cde19744e49938b91fea06d69ecb9e649c93ba974535d08ad92164f700", size = 164523, upload-time = "2020-11-05T10:04:49.278Z" }
wheels = [
    { url = "https://files.pythonhosted.org/packages/c3/aa/cb45262569fcc047bf070b5de61813724d6726db83259222cd7b4c79821a/attrs-20.3.0-py2.py3-none-any.whl", hash = "sha256:31b2eced602aa8423c2aea9c76a724617ed67cf9513173fd3a4f03e3a929c7e6", size = 49337, upload-time = "2020-11-05T10:04:47.447Z" },
]

[[package]]
name = "audioop-lts"
version = "0.2.2"
source = { registry = "https://pypi.org/simple" }
sdist = { url = "https://files.pythonhosted.org/packages/38/53/946db57842a50b2da2e0c1e34bd37f36f5aadba1a929a3971c5d7841dbca/audioop_lts-0.2.2.tar.gz", hash = "sha256:64d0c62d88e67b98a1a5e71987b7aa7b5bcffc7dcee65b635823dbdd0a8dbbd0", size = 30686, upload-time = "2025-08-05T16:43:17.409Z" }
wheels = [
    { url = "https://files.pythonhosted.org/packages/de/d4/94d277ca941de5a507b07f0b592f199c22454eeaec8f008a286b3fbbacd6/audioop_lts-0.2.2-cp313-abi3-macosx_10_13_universal2.whl", hash = "sha256:fd3d4602dc64914d462924a08c1a9816435a2155d74f325853c1f1ac3b2d9800", size = 46523, upload-time = "2025-08-05T16:42:20.836Z" },
    { url = "https://files.pythonhosted.org/packages/f8/5a/656d1c2da4b555920ce4177167bfeb8623d98765594af59702c8873f60ec/audioop_lts-0.2.2-cp313-abi3-macosx_10_13_x86_64.whl", hash = "sha256:550c114a8df0aafe9a05442a1162dfc8fec37e9af1d625ae6060fed6e756f303", size = 27455, upload-time = "2025-08-05T16:42:22.283Z" },
    { url = "https://files.pythonhosted.org/packages/1b/83/ea581e364ce7b0d41456fb79d6ee0ad482beda61faf0cab20cbd4c63a541/audioop_lts-0.2.2-cp313-abi3-macosx_11_0_arm64.whl", hash = "sha256:9a13dc409f2564de15dd68be65b462ba0dde01b19663720c68c1140c782d1d75", size = 26997, upload-time = "2025-08-05T16:42:23.849Z" },
    { url = "https://files.pythonhosted.org/packages/b8/3b/e8964210b5e216e5041593b7d33e97ee65967f17c282e8510d19c666dab4/audioop_lts-0.2.2-cp313-abi3-manylinux1_x86_64.manylinux_2_28_x86_64.manylinux_2_5_x86_64.whl", hash = "sha256:51c916108c56aa6e426ce611946f901badac950ee2ddaf302b7ed35d9958970d", size = 85844, upload-time = "2025-08-05T16:42:25.208Z" },
    { url = "https://files.pythonhosted.org/packages/c7/2e/0a1c52faf10d51def20531a59ce4c706cb7952323b11709e10de324d6493/audioop_lts-0.2.2-cp313-abi3-manylinux2014_aarch64.manylinux_2_17_aarch64.manylinux_2_28_aarch64.whl", hash = "sha256:47eba38322370347b1c47024defbd36374a211e8dd5b0dcbce7b34fdb6f8847b", size = 85056, upload-time = "2025-08-05T16:42:26.559Z" },
    { url = "https://files.pythonhosted.org/packages/75/e8/cd95eef479656cb75ab05dfece8c1f8c395d17a7c651d88f8e6e291a63ab/audioop_lts-0.2.2-cp313-abi3-manylinux2014_ppc64le.manylinux_2_17_ppc64le.manylinux_2_28_ppc64le.whl", hash = "sha256:ba7c3a7e5f23e215cb271516197030c32aef2e754252c4c70a50aaff7031a2c8", size = 93892, upload-time = "2025-08-05T16:42:27.902Z" },
    { url = "https://files.pythonhosted.org/packages/5c/1e/a0c42570b74f83efa5cca34905b3eef03f7ab09fe5637015df538a7f3345/audioop_lts-0.2.2-cp313-abi3-manylinux2014_s390x.manylinux_2_17_s390x.manylinux_2_28_s390x.whl", hash = "sha256:def246fe9e180626731b26e89816e79aae2276f825420a07b4a647abaa84becc", size = 96660, upload-time = "2025-08-05T16:42:28.9Z" },
    { url = "https://files.pythonhosted.org/packages/50/d5/8a0ae607ca07dbb34027bac8db805498ee7bfecc05fd2c148cc1ed7646e7/audioop_lts-0.2.2-cp313-abi3-manylinux_2_31_riscv64.manylinux_2_39_riscv64.whl", hash = "sha256:e160bf9df356d841bb6c180eeeea1834085464626dc1b68fa4e1d59070affdc3", size = 79143, upload-time = "2025-08-05T16:42:29.929Z" },
    { url = "https://files.pythonhosted.org/packages/12/17/0d28c46179e7910bfb0bb62760ccb33edb5de973052cb2230b662c14ca2e/audioop_lts-0.2.2-cp313-abi3-musllinux_1_2_aarch64.whl", hash = "sha256:4b4cd51a57b698b2d06cb9993b7ac8dfe89a3b2878e96bc7948e9f19ff51dba6", size = 84313, upload-time = "2025-08-05T16:42:30.949Z" },
    { url = "https://files.pythonhosted.org/packages/84/ba/bd5d3806641564f2024e97ca98ea8f8811d4e01d9b9f9831474bc9e14f9e/audioop_lts-0.2.2-cp313-abi3-musllinux_1_2_ppc64le.whl", hash = "sha256:4a53aa7c16a60a6857e6b0b165261436396ef7293f8b5c9c828a3a203147ed4a", size = 93044, upload-time = "2025-08-05T16:42:31.959Z" },
    { url = "https://files.pythonhosted.org/packages/f9/5e/435ce8d5642f1f7679540d1e73c1c42d933331c0976eb397d1717d7f01a3/audioop_lts-0.2.2-cp313-abi3-musllinux_1_2_riscv64.whl", hash = "sha256:3fc38008969796f0f689f1453722a0f463da1b8a6fbee11987830bfbb664f623", size = 78766, upload-time = "2025-08-05T16:42:33.302Z" },
    { url = "https://files.pythonhosted.org/packages/ae/3b/b909e76b606cbfd53875693ec8c156e93e15a1366a012f0b7e4fb52d3c34/audioop_lts-0.2.2-cp313-abi3-musllinux_1_2_s390x.whl", hash = "sha256:15ab25dd3e620790f40e9ead897f91e79c0d3ce65fe193c8ed6c26cffdd24be7", size = 87640, upload-time = "2025-08-05T16:42:34.854Z" },
    { url = "https://files.pythonhosted.org/packages/30/e7/8f1603b4572d79b775f2140d7952f200f5e6c62904585d08a01f0a70393a/audioop_lts-0.2.2-cp313-abi3-musllinux_1_2_x86_64.whl", hash = "sha256:03f061a1915538fd96272bac9551841859dbb2e3bf73ebe4a23ef043766f5449", size = 86052, upload-time = "2025-08-05T16:42:35.839Z" },
    { url = "https://files.pythonhosted.org/packages/b5/96/c37846df657ccdda62ba1ae2b6534fa90e2e1b1742ca8dcf8ebd38c53801/audioop_lts-0.2.2-cp313-abi3-win32.whl", hash = "sha256:3bcddaaf6cc5935a300a8387c99f7a7fbbe212a11568ec6cf6e4bc458c048636", size = 26185, upload-time = "2025-08-05T16:42:37.04Z" },
    { url = "https://files.pythonhosted.org/packages/34/a5/9d78fdb5b844a83da8a71226c7bdae7cc638861085fff7a1d707cb4823fa/audioop_lts-0.2.2-cp313-abi3-win_amd64.whl", hash = "sha256:a2c2a947fae7d1062ef08c4e369e0ba2086049a5e598fda41122535557012e9e", size = 30503, upload-time = "2025-08-05T16:42:38.427Z" },
    { url = "https://files.pythonhosted.org/packages/34/25/20d8fde083123e90c61b51afb547bb0ea7e77bab50d98c0ab243d02a0e43/audioop_lts-0.2.2-cp313-abi3-win_arm64.whl", hash = "sha256:5f93a5db13927a37d2d09637ccca4b2b6b48c19cd9eda7b17a2e9f77edee6a6f", size = 24173, upload-time = "2025-08-05T16:42:39.704Z" },
    { url = "https://files.pythonhosted.org/packages/58/a7/0a764f77b5c4ac58dc13c01a580f5d32ae8c74c92020b961556a43e26d02/audioop_lts-0.2.2-cp313-cp313t-macosx_10_13_universal2.whl", hash = "sha256:73f80bf4cd5d2ca7814da30a120de1f9408ee0619cc75da87d0641273d202a09", size = 47096, upload-time = "2025-08-05T16:42:40.684Z" },
    { url = "https://files.pythonhosted.org/packages/aa/ed/ebebedde1a18848b085ad0fa54b66ceb95f1f94a3fc04f1cd1b5ccb0ed42/audioop_lts-0.2.2-cp313-cp313t-macosx_10_13_x86_64.whl", hash = "sha256:106753a83a25ee4d6f473f2be6b0966fc1c9af7e0017192f5531a3e7463dce58", size = 27748, upload-time = "2025-08-05T16:42:41.992Z" },
    { url = "https://files.pythonhosted.org/packages/cb/6e/11ca8c21af79f15dbb1c7f8017952ee8c810c438ce4e2b25638dfef2b02c/audioop_lts-0.2.2-cp313-cp313t-macosx_11_0_arm64.whl", hash = "sha256:fbdd522624141e40948ab3e8cdae6e04c748d78710e9f0f8d4dae2750831de19", size = 27329, upload-time = "2025-08-05T16:42:42.987Z" },
    { url = "https://files.pythonhosted.org/packages/84/52/0022f93d56d85eec5da6b9da6a958a1ef09e80c39f2cc0a590c6af81dcbb/audioop_lts-0.2.2-cp313-cp313t-manylinux1_x86_64.manylinux_2_28_x86_64.manylinux_2_5_x86_64.whl", hash = "sha256:143fad0311e8209ece30a8dbddab3b65ab419cbe8c0dde6e8828da25999be911", size = 92407, upload-time = "2025-08-05T16:42:44.336Z" },
    { url = "https://files.pythonhosted.org/packages/87/1d/48a889855e67be8718adbc7a01f3c01d5743c325453a5e81cf3717664aad/audioop_lts-0.2.2-cp313-cp313t-manylinux2014_aarch64.manylinux_2_17_aarch64.manylinux_2_28_aarch64.whl", hash = "sha256:dfbbc74ec68a0fd08cfec1f4b5e8cca3d3cd7de5501b01c4b5d209995033cde9", size = 91811, upload-time = "2025-08-05T16:42:45.325Z" },
    { url = "https://files.pythonhosted.org/packages/98/a6/94b7213190e8077547ffae75e13ed05edc488653c85aa5c41472c297d295/audioop_lts-0.2.2-cp313-cp313t-manylinux2014_ppc64le.manylinux_2_17_ppc64le.manylinux_2_28_ppc64le.whl", hash = "sha256:cfcac6aa6f42397471e4943e0feb2244549db5c5d01efcd02725b96af417f3fe", size = 100470, upload-time = "2025-08-05T16:42:46.468Z" },
    { url = "https://files.pythonhosted.org/packages/e9/e9/78450d7cb921ede0cfc33426d3a8023a3bda755883c95c868ee36db8d48d/audioop_lts-0.2.2-cp313-cp313t-manylinux2014_s390x.manylinux_2_17_s390x.manylinux_2_28_s390x.whl", hash = "sha256:752d76472d9804ac60f0078c79cdae8b956f293177acd2316cd1e15149aee132", size = 103878, upload-time = "2025-08-05T16:42:47.576Z" },
    { url = "https://files.pythonhosted.org/packages/4f/e2/cd5439aad4f3e34ae1ee852025dc6aa8f67a82b97641e390bf7bd9891d3e/audioop_lts-0.2.2-cp313-cp313t-manylinux_2_31_riscv64.manylinux_2_39_riscv64.whl", hash = "sha256:83c381767e2cc10e93e40281a04852facc4cd9334550e0f392f72d1c0a9c5753", size = 84867, upload-time = "2025-08-05T16:42:49.003Z" },
    { url = "https://files.pythonhosted.org/packages/68/4b/9d853e9076c43ebba0d411e8d2aa19061083349ac695a7d082540bad64d0/audioop_lts-0.2.2-cp313-cp313t-musllinux_1_2_aarch64.whl", hash = "sha256:c0022283e9556e0f3643b7c3c03f05063ca72b3063291834cca43234f20c60bb", size = 90001, upload-time = "2025-08-05T16:42:50.038Z" },
    { url = "https://files.pythonhosted.org/packages/58/26/4bae7f9d2f116ed5593989d0e521d679b0d583973d203384679323d8fa85/audioop_lts-0.2.2-cp313-cp313t-musllinux_1_2_ppc64le.whl", hash = "sha256:a2d4f1513d63c795e82948e1305f31a6d530626e5f9f2605408b300ae6095093", size = 99046, upload-time = "2025-08-05T16:42:51.111Z" },
    { url = "https://files.pythonhosted.org/packages/b2/67/a9f4fb3e250dda9e9046f8866e9fa7d52664f8985e445c6b4ad6dfb55641/audioop_lts-0.2.2-cp313-cp313t-musllinux_1_2_riscv64.whl", hash = "sha256:c9c8e68d8b4a56fda8c025e538e639f8c5953f5073886b596c93ec9b620055e7", size = 84788, upload-time = "2025-08-05T16:42:52.198Z" },
    { url = "https://files.pythonhosted.org/packages/70/f7/3de86562db0121956148bcb0fe5b506615e3bcf6e63c4357a612b910765a/audioop_lts-0.2.2-cp313-cp313t-musllinux_1_2_s390x.whl", hash = "sha256:96f19de485a2925314f5020e85911fb447ff5fbef56e8c7c6927851b95533a1c", size = 94472, upload-time = "2025-08-05T16:42:53.59Z" },
    { url = "https://files.pythonhosted.org/packages/f1/32/fd772bf9078ae1001207d2df1eef3da05bea611a87dd0e8217989b2848fa/audioop_lts-0.2.2-cp313-cp313t-musllinux_1_2_x86_64.whl", hash = "sha256:e541c3ef484852ef36545f66209444c48b28661e864ccadb29daddb6a4b8e5f5", size = 92279, upload-time = "2025-08-05T16:42:54.632Z" },
    { url = "https://files.pythonhosted.org/packages/4f/41/affea7181592ab0ab560044632571a38edaf9130b84928177823fbf3176a/audioop_lts-0.2.2-cp313-cp313t-win32.whl", hash = "sha256:d5e73fa573e273e4f2e5ff96f9043858a5e9311e94ffefd88a3186a910c70917", size = 26568, upload-time = "2025-08-05T16:42:55.627Z" },
    { url = "https://files.pythonhosted.org/packages/28/2b/0372842877016641db8fc54d5c88596b542eec2f8f6c20a36fb6612bf9ee/audioop_lts-0.2.2-cp313-cp313t-win_amd64.whl", hash = "sha256:9191d68659eda01e448188f60364c7763a7ca6653ed3f87ebb165822153a8547", size = 30942, upload-time = "2025-08-05T16:42:56.674Z" },
    { url = "https://files.pythonhosted.org/packages/ee/ca/baf2b9cc7e96c179bb4a54f30fcd83e6ecb340031bde68f486403f943768/audioop_lts-0.2.2-cp313-cp313t-win_arm64.whl", hash = "sha256:c174e322bb5783c099aaf87faeb240c8d210686b04bd61dfd05a8e5a83d88969", size = 24603, upload-time = "2025-08-05T16:42:57.571Z" },
    { url = "https://files.pythonhosted.org/packages/5c/73/413b5a2804091e2c7d5def1d618e4837f1cb82464e230f827226278556b7/audioop_lts-0.2.2-cp314-cp314t-macosx_10_13_universal2.whl", hash = "sha256:f9ee9b52f5f857fbaf9d605a360884f034c92c1c23021fb90b2e39b8e64bede6", size = 47104, upload-time = "2025-08-05T16:42:58.518Z" },
    { url = "https://files.pythonhosted.org/packages/ae/8c/daa3308dc6593944410c2c68306a5e217f5c05b70a12e70228e7dd42dc5c/audioop_lts-0.2.2-cp314-cp314t-macosx_10_13_x86_64.whl", hash = "sha256:49ee1a41738a23e98d98b937a0638357a2477bc99e61b0f768a8f654f45d9b7a", size = 27754, upload-time = "2025-08-05T16:43:00.132Z" },
    { url = "https://files.pythonhosted.org/packages/4e/86/c2e0f627168fcf61781a8f72cab06b228fe1da4b9fa4ab39cfb791b5836b/audioop_lts-0.2.2-cp314-cp314t-macosx_11_0_arm64.whl", hash = "sha256:5b00be98ccd0fc123dcfad31d50030d25fcf31488cde9e61692029cd7394733b", size = 27332, upload-time = "2025-08-05T16:43:01.666Z" },
    { url = "https://files.pythonhosted.org/packages/c7/bd/35dce665255434f54e5307de39e31912a6f902d4572da7c37582809de14f/audioop_lts-0.2.2-cp314-cp314t-manylinux1_x86_64.manylinux_2_28_x86_64.manylinux_2_5_x86_64.whl", hash = "sha256:a6d2e0f9f7a69403e388894d4ca5ada5c47230716a03f2847cfc7bd1ecb589d6", size = 92396, upload-time = "2025-08-05T16:43:02.991Z" },
    { url = "https://files.pythonhosted.org/packages/2d/d2/deeb9f51def1437b3afa35aeb729d577c04bcd89394cb56f9239a9f50b6f/audioop_lts-0.2.2-cp314-cp314t-manylinux2014_aarch64.manylinux_2_17_aarch64.manylinux_2_28_aarch64.whl", hash = "sha256:f9b0b8a03ef474f56d1a842af1a2e01398b8f7654009823c6d9e0ecff4d5cfbf", size = 91811, upload-time = "2025-08-05T16:43:04.096Z" },
    { url = "https://files.pythonhosted.org/packages/76/3b/09f8b35b227cee28cc8231e296a82759ed80c1a08e349811d69773c48426/audioop_lts-0.2.2-cp314-cp314t-manylinux2014_ppc64le.manylinux_2_17_ppc64le.manylinux_2_28_ppc64le.whl", hash = "sha256:2b267b70747d82125f1a021506565bdc5609a2b24bcb4773c16d79d2bb260bbd", size = 100483, upload-time = "2025-08-05T16:43:05.085Z" },
    { url = "https://files.pythonhosted.org/packages/0b/15/05b48a935cf3b130c248bfdbdea71ce6437f5394ee8533e0edd7cfd93d5e/audioop_lts-0.2.2-cp314-cp314t-manylinux2014_s390x.manylinux_2_17_s390x.manylinux_2_28_s390x.whl", hash = "sha256:0337d658f9b81f4cd0fdb1f47635070cc084871a3d4646d9de74fdf4e7c3d24a", size = 103885, upload-time = "2025-08-05T16:43:06.197Z" },
    { url = "https://files.pythonhosted.org/packages/83/80/186b7fce6d35b68d3d739f228dc31d60b3412105854edb975aa155a58339/audioop_lts-0.2.2-cp314-cp314t-manylinux_2_31_riscv64.manylinux_2_39_riscv64.whl", hash = "sha256:167d3b62586faef8b6b2275c3218796b12621a60e43f7e9d5845d627b9c9b80e", size = 84899, upload-time = "2025-08-05T16:43:07.291Z" },
    { url = "https://files.pythonhosted.org/packages/49/89/c78cc5ac6cb5828f17514fb12966e299c850bc885e80f8ad94e38d450886/audioop_lts-0.2.2-cp314-cp314t-musllinux_1_2_aarch64.whl", hash = "sha256:0d9385e96f9f6da847f4d571ce3cb15b5091140edf3db97276872647ce37efd7", size = 89998, upload-time = "2025-08-05T16:43:08.335Z" },
    { url = "https://files.pythonhosted.org/packages/4c/4b/6401888d0c010e586c2ca50fce4c903d70a6bb55928b16cfbdfd957a13da/audioop_lts-0.2.2-cp314-cp314t-musllinux_1_2_ppc64le.whl", hash = "sha256:48159d96962674eccdca9a3df280e864e8ac75e40a577cc97c5c42667ffabfc5", size = 99046, upload-time = "2025-08-05T16:43:09.367Z" },
    { url = "https://files.pythonhosted.org/packages/de/f8/c874ca9bb447dae0e2ef2e231f6c4c2b0c39e31ae684d2420b0f9e97ee68/audioop_lts-0.2.2-cp314-cp314t-musllinux_1_2_riscv64.whl", hash = "sha256:8fefe5868cd082db1186f2837d64cfbfa78b548ea0d0543e9b28935ccce81ce9", size = 84843, upload-time = "2025-08-05T16:43:10.749Z" },
    { url = "https://files.pythonhosted.org/packages/3e/c0/0323e66f3daebc13fd46b36b30c3be47e3fc4257eae44f1e77eb828c703f/audioop_lts-0.2.2-cp314-cp314t-musllinux_1_2_s390x.whl", hash = "sha256:58cf54380c3884fb49fdd37dfb7a772632b6701d28edd3e2904743c5e1773602", size = 94490, upload-time = "2025-08-05T16:43:12.131Z" },
    { url = "https://files.pythonhosted.org/packages/98/6b/acc7734ac02d95ab791c10c3f17ffa3584ccb9ac5c18fd771c638ed6d1f5/audioop_lts-0.2.2-cp314-cp314t-musllinux_1_2_x86_64.whl", hash = "sha256:088327f00488cdeed296edd9215ca159f3a5a5034741465789cad403fcf4bec0", size = 92297, upload-time = "2025-08-05T16:43:13.139Z" },
    { url = "https://files.pythonhosted.org/packages/13/c3/c3dc3f564ce6877ecd2a05f8d751b9b27a8c320c2533a98b0c86349778d0/audioop_lts-0.2.2-cp314-cp314t-win32.whl", hash = "sha256:068aa17a38b4e0e7de771c62c60bbca2455924b67a8814f3b0dee92b5820c0b3", size = 27331, upload-time = "2025-08-05T16:43:14.19Z" },
    { url = "https://files.pythonhosted.org/packages/72/bb/b4608537e9ffcb86449091939d52d24a055216a36a8bf66b936af8c3e7ac/audioop_lts-0.2.2-cp314-cp314t-win_amd64.whl", hash = "sha256:a5bf613e96f49712073de86f20dbdd4014ca18efd4d34ed18c75bd808337851b", size = 31697, upload-time = "2025-08-05T16:43:15.193Z" },
    { url = "https://files.pythonhosted.org/packages/f6/22/91616fe707a5c5510de2cac9b046a30defe7007ba8a0c04f9c08f27df312/audioop_lts-0.2.2-cp314-cp314t-win_arm64.whl", hash = "sha256:b492c3b040153e68b9fdaff5913305aaaba5bb433d8a7f73d5cf6a64ed3cc1dd", size = 25206, upload-time = "2025-08-05T16:43:16.444Z" },
]

[[package]]
name = "beautifulsoup4"
version = "4.9.3"
source = { registry = "https://pypi.org/simple" }
dependencies = [
    { name = "soupsieve" },
]
sdist = { url = "https://files.pythonhosted.org/packages/6b/c3/d31704ae558dcca862e4ee8e8388f357af6c9d9acb0cad4ba0fbbd350d9a/beautifulsoup4-4.9.3.tar.gz", hash = "sha256:84729e322ad1d5b4d25f805bfa05b902dd96450f43842c4e99067d5e1369eb25", size = 376031, upload-time = "2020-10-03T15:37:22.698Z" }
wheels = [
    { url = "https://files.pythonhosted.org/packages/d1/41/e6495bd7d3781cee623ce23ea6ac73282a373088fcd0ddc809a047b18eae/beautifulsoup4-4.9.3-py3-none-any.whl", hash = "sha256:fff47e031e34ec82bf17e00da8f592fe7de69aeea38be00523c04623c04fb666", size = 115807, upload-time = "2020-10-03T15:37:21.018Z" },
]

[[package]]
name = "certifi"
version = "2023.7.22"
source = { registry = "https://pypi.org/simple" }
sdist = { url = "https://files.pythonhosted.org/packages/98/98/c2ff18671db109c9f10ed27f5ef610ae05b73bd876664139cf95bd1429aa/certifi-2023.7.22.tar.gz", hash = "sha256:539cc1d13202e33ca466e88b2807e29f4c13049d6d87031a3c110744495cb082", size = 159517, upload-time = "2023-07-22T08:39:27.482Z" }
wheels = [
    { url = "https://files.pythonhosted.org/packages/4c/dd/2234eab22353ffc7d94e8d13177aaa050113286e93e7b40eae01fbf7c3d9/certifi-2023.7.22-py3-none-any.whl", hash = "sha256:92d6037539857d8206b8f6ae472e8b77db8058fec5937a1ef3f54304089edbb9", size = 158334, upload-time = "2023-07-22T08:39:25.345Z" },
]

[[package]]
name = "chardet"
version = "4.0.0"
source = { registry = "https://pypi.org/simple" }
sdist = { url = "https://files.pythonhosted.org/packages/ee/2d/9cdc2b527e127b4c9db64b86647d567985940ac3698eeabc7ffaccb4ea61/chardet-4.0.0.tar.gz", hash = "sha256:0d6f53a15db4120f2b08c94f11e7d93d2c911ee118b6b30a04ec3ee8310179fa", size = 1907771, upload-time = "2020-12-10T19:35:33.971Z" }
wheels = [
    { url = "https://files.pythonhosted.org/packages/19/c7/fa589626997dd07bd87d9269342ccb74b1720384a4d739a1872bd84fbe68/chardet-4.0.0-py2.py3-none-any.whl", hash = "sha256:f864054d66fd9118f2e67044ac8981a54775ec5b67aed0441892edb553d21da5", size = 178743, upload-time = "2020-12-10T19:35:32.469Z" },
]

[[package]]
name = "discord-py"
version = "2.7.1"
source = { registry = "https://pypi.org/simple" }
dependencies = [
    { name = "aiohttp" },
    { name = "audioop-lts" },
]
sdist = { url = "https://files.pythonhosted.org/packages/ef/57/9a2d9abdabdc9db8ef28ce0cf4129669e1c8717ba28d607b5ba357c4de3b/discord_py-2.7.1.tar.gz", hash = "sha256:24d5e6a45535152e4b98148a9dd6b550d25dc2c9fb41b6d670319411641249da", size = 1106326, upload-time = "2026-03-03T18:40:46.24Z" }
wheels = [
    { url = "https://files.pythonhosted.org/packages/f7/a7/17208c3b3f92319e7fad259f1c6d5a5baf8fd0654c54846ced329f83c3eb/discord_py-2.7.1-py3-none-any.whl", hash = "sha256:849dca2c63b171146f3a7f3f8acc04248098e9e6203412ce3cf2745f284f7439", size = 1227550, upload-time = "2026-03-03T18:40:44.492Z" },
]

[[package]]
name = "get-docker-secret"
version = "2.0.0"
source = { registry = "https://pypi.org/simple" }
sdist = { url = "https://files.pythonhosted.org/packages/53/10/8586b943cf23d3a620e546a2a126a79507378263890275e6c2fe8220a100/get-docker-secret-2.0.0.tar.gz", hash = "sha256:3b39eab1caa69b4f7863fd3d9b419e0435c25f4747a1847de5a08161fe8d3410", size = 3603, upload-time = "2023-07-23T08:19:50.845Z" }

[[package]]
name = "idna"
version = "2.10"
source = { registry = "https://pypi.org/simple" }
sdist = { url = "https://files.pythonhosted.org/packages/ea/b7/e0e3c1c467636186c39925827be42f16fee389dc404ac29e930e9136be70/idna-2.10.tar.gz", hash = "sha256:b307872f855b18632ce0c21c5e45be78c0ea7ae4c15c828c20788b26921eb3f6", size = 175616, upload-time = "2020-06-27T23:45:05.21Z" }
wheels = [
    { url = "https://files.pythonhosted.org/packages/a2/38/928ddce2273eaa564f6f50de919327bf3a00f091b5baba8dfa9460f3a8a8/idna-2.10-py2.py3-none-any.whl", hash = "sha256:b97d804b1e9b523befed77c48dacec60e6dcb0b5391d57af6a65a312a90648c0", size = 58811, upload-time = "2020-06-27T23:45:03.457Z" },
]

[[package]]
name = "marko"
version = "1.0.1"
source = { registry = "https://pypi.org/simple" }
sdist = { url = "https://files.pythonhosted.org/packages/da/fd/dfa385b8f3e02ea79eac9d49b37b2b67b67fab435fc8d4d88145a44aa0b5/marko-1.0.1.tar.gz", hash = "sha256:09b804be849cc009c193142db4d842743472f53af0ee1eabbd9fc3c999d0da04", size = 134283, upload-time = "2021-01-06T10:31:42.706Z" }
wheels = [
    { url = "https://files.pythonhosted.org/packages/af/41/35faa0c1d8610cb247610f8a0c7a9e8f5129782f097d68a3f5e290bfc012/marko-1.0.1-py3-none-any.whl", hash = "sha256:050d07410ee64b28754e2de6b2c3d25510d521a4c976096fa7479de342b10434", size = 143754, upload-time = "2021-01-06T10:31:41.704Z" },
]

[[package]]
name = "mistune"
version = "2.0.3"
source = { registry = "https://pypi.org/simple" }
sdist = { url = "https://files.pythonhosted.org/packages/26/83/2d67393cbb535b9ed7a7e42e944c255380f32835be6bcd86840f2c6f5b00/mistune-2.0.3.tar.gz", hash = "sha256:d7605b46b6156b53b7d52a465202b29a6f00f4ea4130ad5d25e9d5547d6b7e50", size = 75763, upload-time = "2022-06-27T09:02:15.28Z" }
wheels = [
    { url = "https://files.pythonhosted.org/packages/37/7f/3cfa697f14943e7ffd9a1d864ac857ebe269813228dc00ebbf28ed6cea43/mistune-2.0.3-py2.py3-none-any.whl", hash = "sha256:e3964140c0775535fba50bd616fe180920044a64bc21850253267b07bff89924", size = 24518, upload-time = "2022-06-27T09:02:28.164Z" },
]

[[package]]
name = "multidict"
version = "5.1.0"
source = { registry = "https://pypi.org/simple" }
sdist = { url = "https://files.pythonhosted.org/packages/1c/74/e8b46156f37ca56d10d895d4e8595aa2b344cff3c1fb3629ec97a8656ccb/multidict-5.1.0.tar.gz", hash = "sha256:25b4e5f22d3a37ddf3effc0710ba692cfc792c2b9edfb9c05aefe823256e84d5", size = 53685, upload-time = "2020-12-03T13:01:30.797Z" }

[[package]]
name = "pyhabot"
version = "0.1.0"
source = { virtual = "." }
dependencies = [
    { name = "aiohttp" },
    { name = "async-timeout" },
    { name = "attrs" },
    { name = "beautifulsoup4" },
    { name = "certifi" },
    { name = "chardet" },
    { name = "discord-py" },
    { name = "get-docker-secret" },
    { name = "idna" },
    { name = "marko" },
    { name = "mistune" },
    { name = "multidict" },
    { name = "python-dotenv" },
    { name = "requests" },
    { name = "soupsieve" },
    { name = "telegram-py" },
    { name = "typing-extensions" },
    { name = "urllib3" },
    { name = "yarl" },
]

[package.metadata]
requires-dist = [
    { name = "aiohttp", specifier = "==3.7.4.post0" },
    { name = "async-timeout", specifier = "==3.0.1" },
    { name = "attrs", specifier = "==20.3.0" },
    { name = "beautifulsoup4", specifier = "==4.9.3" },
    { name = "certifi", specifier = "==2023.7.22" },
    { name = "chardet", specifier = "==4.0.0" },
    { name = "discord-py", specifier = ">=2.0" },
    { name = "get-docker-secret", specifier = "==2.0.0" },
    { name = "idna", specifier = "==2.10" },
    { name = "marko", specifier = "==1.0.1" },
    { name = "mistune", specifier = "==2.0.3" },
    { name = "multidict", specifier = "==5.1.0" },
    { name = "python-dotenv", specifier = "==0.16.0" },
    { name = "requests", specifier = "==2.25.1" },
    { name = "soupsieve", specifier = "==2.2.1" },
    { name = "telegram-py", specifier = "==0.3.1" },
    { name = "typing-extensions", specifier = "==3.7.4.3" },
    { name = "urllib3", specifier = "==1.26.5" },
    { name = "yarl", specifier = "==1.8.1" },
]

[[package]]
name = "python-dotenv"
version = "0.16.0"
source = { registry = "https://pypi.org/simple" }
sdist = { url = "https://files.pythonhosted.org/packages/f7/d9/543ac57e686e053f8f4043c47010e2c690629b3fdec02d988a6ec4a0a4a4/python-dotenv-0.16.0.tar.gz", hash = "sha256:9fa413c37d4652d3fa02fea0ff465c384f5db75eab259c4fc5d0c5b8bf20edd4", size = 30903, upload-time = "2021-03-27T09:06:43.793Z" }
wheels = [
    { url = "https://files.pythonhosted.org/packages/3d/7b/4a0bcac71bf24e5a63d043e53e3f56e1838a91c760638e1a0fc5338a36aa/python_dotenv-0.16.0-py2.py3-none-any.whl", hash = "sha256:31d752f5b748f4e292448c9a0cac6a08ed5e6f4cefab85044462dcad56905cec", size = 18181, upload-time = "2021-03-27T09:06:42.505Z" },
]

[[package]]
name = "requests"
version = "2.25.1"
source = { registry = "https://pypi.org/simple" }
dependencies = [
    { name = "certifi" },
    { name = "chardet" },
    { name = "idna" },
    { name = "urllib3" },
]
sdist = { url = "https://files.pythonhosted.org/packages/6b/47/c14abc08432ab22dc18b9892252efaf005ab44066de871e72a38d6af464b/requests-2.25.1.tar.gz", hash = "sha256:27973dd4a904a4f13b263a19c866c13b92a39ed1c964655f025f3f8d3d75b804", size = 102161, upload-time = "2020-12-16T19:38:36.779Z" }
wheels = [
    { url = "https://files.pythonhosted.org/packages/29/c1/24814557f1d22c56d50280771a17307e6bf87b70727d975fd6b2ce6b014a/requests-2.25.1-py2.py3-none-any.whl", hash = "sha256:c210084e36a42ae6b9219e00e48287def368a26d03a048ddad7bfee44f75871e", size = 61216, upload-time = "2020-12-16T19:38:34.329Z" },
]

[[package]]
name = "soupsieve"
version = "2.2.1"
source = { registry = "https://pypi.org/simple" }
sdist = { url = "https://files.pythonhosted.org/packages/c8/3f/e71d92e90771ac2d69986aa0e81cf0dfda6271e8483698f4847b861dd449/soupsieve-2.2.1.tar.gz", hash = "sha256:052774848f448cf19c7e959adf5566904d525f33a3f8b6ba6f6f8f26ec7de0cc", size = 102949, upload-time = "2021-03-19T04:59:32.843Z" }
wheels = [
    { url = "https://files.pythonhosted.org/packages/36/69/d82d04022f02733bf9a72bc3b96332d360c0c5307096d76f6bb7489f7e57/soupsieve-2.2.1-py3-none-any.whl", hash = "sha256:c2c1c2d44f158cdbddab7824a9af8c4f83c76b1e23e049479aa432feb6c4c23b", size = 33287, upload-time = "2021-03-19T04:59:31.947Z" },
]

[[package]]
name = "telegram-py"
version = "0.3.1"
source = { registry = "https://pypi.org/simple" }
dependencies = [
    { name = "aiohttp" },
]
sdist = { url = "https://files.pythonhosted.org/packages/d3/ef/476dac820a0fcf983a8b381f97c29be287138adf126607cfa8e1ec27da94/telegram.py-0.3.1.tar.gz", hash = "sha256:b5ef34c13bfaa80cf77c9ed6fc24b7fe732928436081de32c79beff849eae5e4", size = 19566, upload-time = "2020-11-18T20:31:00.133Z" }
wheels = [
    { url = "https://files.pythonhosted.org/packages/f0/00/3d8abde14fe3d07100a2ad215f37dac9131bbd78c7220fa8dac95ac91657/telegram.py-0.3.1-py3-none-any.whl", hash = "sha256:5337d575a05c5afaee7d01e3c4d6efa0693d18ed2472f6b443039501d46266f6", size = 36168, upload-time = "2020-11-18T20:30:59.156Z" },
]

[[package]]
name = "typing-extensions"
version = "3.7.4.3"
source = { registry = "https://pypi.org/simple" }
sdist = { url = "https://files.pythonhosted.org/packages/16/06/0f7367eafb692f73158e5c5cbca1aec798cdf78be5167f6415dd4205fa32/typing_extensions-3.7.4.3.tar.gz", hash = "sha256:99d4073b617d30288f569d3f13d2bd7548c3a7e4c8de87db09a9d29bb3a4a60c", size = 38979, upload-time = "2020-08-23T16:44:09.06Z" }
wheels = [
    { url = "https://files.pythonhosted.org/packages/60/7a/e881b5abb54db0e6e671ab088d079c57ce54e8a01a3ca443f561ccadb37e/typing_extensions-3.7.4.3-py3-none-any.whl", hash = "sha256:7cb407020f00f7bfc3cb3e7881628838e69d8f3fcab2f64742a5e76b2f841918", size = 22544, upload-time = "2020-08-23T16:44:07.642Z" },
]

[[package]]
name = "urllib3"
version = "1.26.5"
source = { registry = "https://pypi.org/simple" }
sdist = { url = "https://files.pythonhosted.org/packages/94/40/c396b5b212533716949a4d295f91a4c100d51ba95ea9e2d96b6b0517e5a5/urllib3-1.26.5.tar.gz", hash = "sha256:a7acd0977125325f516bda9735fa7142b909a8d01e8b2e4c8108d0984e6e0098", size = 292865, upload-time = "2021-05-26T17:02:35.597Z" }
wheels = [
    { url = "https://files.pythonhosted.org/packages/0c/cd/1e2ec680ec7b09846dc6e605f5a7709dfb9d7128e51a026e7154e18a234e/urllib3-1.26.5-py2.py3-none-any.whl", hash = "sha256:753a0374df26658f99d826cfe40394a686d05985786d946fbe4165b5148f5a7c", size = 138144, upload-time = "2021-05-26T17:02:33.236Z" },
]

[[package]]
name = "yarl"
version = "1.8.1"
source = { registry = "https://pypi.org/simple" }
dependencies = [
    { name = "idna" },
    { name = "multidict" },
]
sdist = { url = "https://files.pythonhosted.org/packages/d6/04/255c68974ec47fa754564c4abba8f61f9ed68b869bbbb854198d6259c4f7/yarl-1.8.1.tar.gz", hash = "sha256:af887845b8c2e060eb5605ff72b6f2dd2aab7a761379373fd89d314f4752abbf", size = 172309, upload-time = "2022-08-02T07:14:08.076Z" }
